Microsoft Visual Studio Solution File, Format Version 12.00
# Visual Studio Version 17
VisualStudioVersion = 17.0.31903.59
MinimumVisualStudioVersion = 10.0.40219.1
Project("{FAE04EC0-301F-11D3-BF4B-00C04F79EFBC}") = "CursorProject0.Core", "src\Core\CursorProject0.Core.csproj", "{6897EC61-B792-4BCF-ABD9-A3DA24D93365}"
EndProject
Project("{FAE04EC0-301F-11D3-BF4B-00C04F79EFBC}") = "ChatLogService", "src\ChatLogService\ChatLogService.csproj", "{7897EC61-B792-4BCF-ABD9-A3DA24D93366}"
EndProject
Project("{FAE04EC0-301F-11D3-BF4B-00C04F79EFBC}") = "ChatModerationService", "src\ChatModerationService\ChatModerationService.csproj", "{8897EC61-B792-4BCF-ABD9-A3DA24D93367}"
EndProject
Project("{FAE04EC0-301F-11D3-BF4B-00C04F79EFBC}") = "EmojiLogService", "src\EmojiLogService\EmojiLogService.csproj", "{9897EC61-B792-4BCF-ABD9-A3DA24D93368}"
EndProject
Project("{FAE04EC0-301F-11D3-BF4B-00C04F79EFBC}") = "EmojiFavoritesService", "src\EmojiFavoritesService\EmojiFavoritesService.csproj", "{A897EC61-B792-4BCF-ABD9-A3DA24D93369}"
EndProject
Project("{FAE04EC0-301F-11D3-BF4B-00C04F79EFBC}") = "EmojiBombService", "src\EmojiBombService\EmojiBombService.csproj", "{B897EC61-B792-4BCF-ABD9-A3DA24D93370}"
EndProject
Global
	GlobalSection(SolutionConfigurationPlatforms) = preSolution
		Debug|Any CPU = Debug|Any CPU
		Release|Any CPU = Release|Any CPU
	EndGlobalSection
	GlobalSection(SolutionProperties) = preSolution
		HideSolutionNode = FALSE
	EndGlobalSection
	GlobalSection(ProjectConfigurationPlatforms) = postSolution
		{6897EC61-B792-4BCF-ABD9-A3DA24D93365}.Debug|Any CPU.ActiveCfg = Debug|Any CPU
		{6897EC61-B792-4BCF-ABD9-A3DA24D93365}.Debug|Any CPU.Build.0 = Debug|Any CPU
		{6897EC61-B792-4BCF-ABD9-A3DA24D93365}.Release|Any CPU.ActiveCfg = Release|Any CPU
		{6897EC61-B792-4BCF-ABD9-A3DA24D93365}.Release|Any CPU.Build.0 = Release|Any CPU
		{7897EC61-B792-4BCF-ABD9-A3DA24D93366}.Debug|Any CPU.ActiveCfg = Debug|Any CPU
		{7897EC61-B792-4BCF-ABD9-A3DA24D93366}.Debug|Any CPU.Build.0 = Debug|Any CPU
		{7897EC61-B792-4BCF-ABD9-A3DA24D93366}.Release|Any CPU.ActiveCfg = Release|Any CPU
		{7897EC61-B792-4BCF-ABD9-A3DA24D93366}.Release|Any CPU.Build.0 = Release|Any CPU
		{8897EC61-B792-4BCF-ABD9-A3DA24D93367}.Debug|Any CPU.ActiveCfg = Debug|Any CPU
		{8897EC61-B792-4BCF-ABD9-A3DA24D93367}.Debug|Any CPU.Build.0 = Debug|Any CPU
		{8897EC61-B792-4BCF-ABD9-A3DA24D93367}.Release|Any CPU.ActiveCfg = Release|Any CPU
		{8897EC61-B792-4BCF-ABD9-A3DA24D93367}.Release|Any CPU.Build.0 = Release|Any CPU
		{9897EC61-B792-4BCF-ABD9-A3DA24D93368}.Debug|Any CPU.ActiveCfg = Debug|Any CPU
		{9897EC61-B792-4BCF-ABD9-A3DA24D93368}.Debug|Any CPU.Build.0 = Debug|Any CPU
		{9897EC61-B792-4BCF-ABD9-A3DA24D93368}.Release|Any CPU.ActiveCfg = Release|Any CPU
		{9897EC61-B792-4BCF-ABD9-A3DA24D93368}.Release|Any CPU.Build.0 = Release|Any CPU
		{A897EC61-B792-4BCF-ABD9-A3DA24D93369}.Debug|Any CPU.ActiveCfg = Debug|Any CPU
		{A897EC61-B792-4BCF-ABD9-A3DA24D93369}.Debug|Any CPU.Build.0 = Debug|Any CPU
		{A897EC61-B792-4BCF-ABD9-A3DA24D93369}.Release|Any CPU.ActiveCfg = Release|Any CPU
		{A897EC61-B792-4BCF-ABD9-A3DA24D93369}.Release|Any CPU.Build.0 = Release|Any CPU
		{B897EC61-B792-4BCF-ABD9-A3DA24D93370}.Debug|Any CPU.ActiveCfg = Debug|Any CPU
		{B897EC61-B792-4BCF-ABD9-A3DA24D93370}.Debug|Any CPU.Build.0 = Debug|Any CPU
		{B897EC61-B792-4BCF-ABD9-A3DA24D93370}.Release|Any CPU.ActiveCfg = Release|Any CPU
		{B897EC61-B792-4BCF-ABD9-A3DA24D93370}.Release|Any CPU.Build.0 = Release|Any CPU
	EndGlobalSection
EndGlobal
